// !$*UTF8*$!
{
	archiveVersion = 1;
	classes = {
	};
	objectVersion = 46;
	objects = {

/* Begin PBXBuildFile section */
		1CD8479B1E8E1C8800B89704 /* HttPeek.m in Sources */ = {isa = PBXBuildFile; fileRef = 1CD847991E8E1C8800B89704 /* HttPeek.m */; };
		1CD8479C1E8E1C8800B89704 /* LogData.mm in Sources */ = {isa = PBXBuildFile; fileRef = 1CD8479A1E8E1C8800B89704 /* LogData.mm */; };
		1CD8479F1E8E1CEA00B89704 /* Macro.h in Headers */ = {isa = PBXBuildFile; fileRef = 1CD8479D1E8E1CEA00B89704 /* Macro.h */; };
		1CD847A01E8E1CEA00B89704 /* NSUtil.h in Headers */ = {isa = PBXBuildFile; fileRef = 1CD8479E1E8E1CEA00B89704 /* NSUtil.h */; };
		240277F21A885C7400897D2F /* Security.framework in Frameworks */ = {isa = PBXBuildFile; fileRef = 240277F11A885C7400897D2F /* Security.framework */; };
		24C1807615104BF100951174 /* UIKit.framework in Frameworks */ = {isa = PBXBuildFile; fileRef = 24C1807515104BF100951174 /* UIKit.framework */; };
		24CADA911510492B00B22162 /* Foundation.framework in Frameworks */ = {isa = PBXBuildFile; fileRef = 24CADA901510492B00B22162 /* Foundation.framework */; };
/* End PBXBuildFile section */

/* Begin PBXFileReference section */
		1CD847991E8E1C8800B89704 /* HttPeek.m */ = {isa = PBXFileReference; fileEncoding = 4; lastKnownFileType = sourcecode.c.objc; name = HttPeek.m; path = HttPeek/HttPeek.m; sourceTree = SOURCE_ROOT; };
		1CD8479A1E8E1C8800B89704 /* LogData.mm */ = {isa = PBXFileReference; fileEncoding = 4; lastKnownFileType = sourcecode.cpp.objcpp; name = LogData.mm; path = HttPeek/LogData.mm; sourceTree = SOURCE_ROOT; };
		1CD8479D1E8E1CEA00B89704 /* Macro.h */ = {isa = PBXFileReference; fileEncoding = 4; lastKnownFileType = sourcecode.c.h; name = Macro.h; path = HttPeek/Macro.h; sourceTree = SOURCE_ROOT; };
		1CD8479E1E8E1CEA00B89704 /* NSUtil.h */ = {isa = PBXFileReference; fileEncoding = 4; lastKnownFileType = sourcecode.c.h; name = NSUtil.h; path = HttPeek/NSUtil.h; sourceTree = SOURCE_ROOT; };
		240277F11A885C7400897D2F /* Security.framework */ = {isa = PBXFileReference; lastKnownFileType = wrapper.framework; name = Security.framework; path = System/Library/Frameworks/Security.framework; sourceTree = SDKROOT; };
		24C1807515104BF100951174 /* UIKit.framework */ = {isa = PBXFileReference; lastKnownFileType = wrapper.framework; name = UIKit.framework; path = System/Library/Frameworks/UIKit.framework; sourceTree = SDKROOT; };
		24CADA8D1510492B00B22162 /* HttPeek.dylib */ = {isa = PBXFileReference; explicitFileType = "compiled.mach-o.dylib"; includeInIndex = 0; path = HttPeek.dylib; sourceTree = BUILT_PRODUCTS_DIR; };
		24CADA901510492B00B22162 /* Foundation.framework */ = {isa = PBXFileReference; lastKnownFileType = wrapper.framework; name = Foundation.framework; path = System/Library/Frameworks/Foundation.framework; sourceTree = SDKROOT; };
/* End PBXFileReference section */

/* Begin PBXFrameworksBuildPhase section */
		24CADA8A1510492B00B22162 /* Frameworks */ = {
			isa = PBXFrameworksBuildPhase;
			buildActionMask = 2147483647;
			files = (
				240277F21A885C7400897D2F /* Security.framework in Frameworks */,
				24C1807615104BF100951174 /* UIKit.framework in Frameworks */,
				24CADA911510492B00B22162 /* Foundation.framework in Frameworks */,
			);
			runOnlyForDeploymentPostprocessing = 0;
		};
/* End PBXFrameworksBuildPhase section */

/* Begin PBXGroup section */
		241E96121A6F4EA800AA3BD0 /* Sources */ = {
			isa = PBXGroup;
			children = (
				1CD8479D1E8E1CEA00B89704 /* Macro.h */,
				1CD8479E1E8E1CEA00B89704 /* NSUtil.h */,
				1CD847991E8E1C8800B89704 /* HttPeek.m */,
				1CD8479A1E8E1C8800B89704 /* LogData.mm */,
			);
			path = Sources;
			sourceTree = "<group>";
		};
		241E961D1A6F4EA800AA3BD0 /* Utilities */ = {
			isa = PBXGroup;
			children = (
			);
			path = Utilities;
			sourceTree = "<group>";
		};
		24CADA821510492B00B22162 = {
			isa = PBXGroup;
			children = (
				241E96121A6F4EA800AA3BD0 /* Sources */,
				241E961D1A6F4EA800AA3BD0 /* Utilities */,
				24CADA8F1510492B00B22162 /* Frameworks */,
				24CADA8E1510492B00B22162 /* Products */,
			);
			sourceTree = "<group>";
		};
		24CADA8E1510492B00B22162 /* Products */ = {
			isa = PBXGroup;
			children = (
				24CADA8D1510492B00B22162 /* HttPeek.dylib */,
			);
			name = Products;
			sourceTree = "<group>";
		};
		24CADA8F1510492B00B22162 /* Frameworks */ = {
			isa = PBXGroup;
			children = (
				240277F11A885C7400897D2F /* Security.framework */,
				24C1807515104BF100951174 /* UIKit.framework */,
				24CADA901510492B00B22162 /* Foundation.framework */,
			);
			name = Frameworks;
			sourceTree = "<group>";
		};
/* End PBXGroup section */

/* Begin PBXHeadersBuildPhase section */
		24CADA8B1510492B00B22162 /* Headers */ = {
			isa = PBXHeadersBuildPhase;
			buildActionMask = 2147483647;
			files = (
				1CD8479F1E8E1CEA00B89704 /* Macro.h in Headers */,
				1CD847A01E8E1CEA00B89704 /* NSUtil.h in Headers */,
			);
			runOnlyForDeploymentPostprocessing = 0;
		};
/* End PBXHeadersBuildPhase section */

/* Begin PBXNativeTarget section */
		24CADA8C1510492B00B22162 /* HttPeek */ = {
			isa = PBXNativeTarget;
			buildConfigurationList = 24CADA9A1510492B00B22162 /* Build configuration list for PBXNativeTarget "HttPeek" */;
			buildPhases = (
				24CADA891510492B00B22162 /* Sources */,
				24CADA8A1510492B00B22162 /* Frameworks */,
				24CADA8B1510492B00B22162 /* Headers */,
				240278591A88D23F00897D2F /* ShellScript */,
			);
			buildRules = (
			);
			dependencies = (
			);
			name = HttPeek;
			productName = HttPeek;
			productReference = 24CADA8D1510492B00B22162 /* HttPeek.dylib */;
			productType = "com.apple.product-type.library.dynamic";
		};
/* End PBXNativeTarget section */

/* Begin PBXProject section */
		24CADA841510492B00B22162 /* Project object */ = {
			isa = PBXProject;
			attributes = {
				LastUpgradeCheck = 0500;
				TargetAttributes = {
					24CADA8C1510492B00B22162 = {
						DevelopmentTeam = 97Y98KA82X;
						ProvisioningStyle = Automatic;
					};
				};
			};
			buildConfigurationList = 24CADA871510492B00B22162 /* Build configuration list for PBXProject "HttPeek" */;
			compatibilityVersion = "Xcode 3.2";
			developmentRegion = English;
			hasScannedForEncodings = 0;
			knownRegions = (
				en,
			);
			mainGroup = 24CADA821510492B00B22162;
			productRefGroup = 24CADA8E1510492B00B22162 /* Products */;
			projectDirPath = "";
			projectRoot = "";
			targets = (
				24CADA8C1510492B00B22162 /* HttPeek */,
			);
		};
/* End PBXProject section */

/* Begin PBXShellScriptBuildPhase section */
		240278591A88D23F00897D2F /* ShellScript */ = {
			isa = PBXShellScriptBuildPhase;
			buildActionMask = 2147483647;
			files = (
			);
			inputPaths = (
			);
			outputPaths = (
			);
			runOnlyForDeploymentPostprocessing = 0;
			shellPath = /bin/sh;
			shellScript = "#scp $CODESIGNING_FOLDER_PATH root@192.168.1.11:/Library/MobileSubstrate/DynamicLibraries/\n#ssh root@tphone \"killall Preferences\"\n";
		};
/* End PBXShellScriptBuildPhase section */

/* Begin PBXSourcesBuildPhase section */
		24CADA891510492B00B22162 /* Sources */ = {
			isa = PBXSourcesBuildPhase;
			buildActionMask = 2147483647;
			files = (
				1CD8479C1E8E1C8800B89704 /* LogData.mm in Sources */,
				1CD8479B1E8E1C8800B89704 /* HttPeek.m in Sources */,
			);
			runOnlyForDeploymentPostprocessing = 0;
		};
/* End PBXSourcesBuildPhase section */

/* Begin XCBuildConfiguration section */
		24CADA981510492B00B22162 /* Debug */ = {
			isa = XCBuildConfiguration;
			buildSettings = {
				CLANG_CXX_LANGUAGE_STANDARD = "compiler-default";
				CLANG_CXX_LIBRARY = "compiler-default";
				CLANG_ENABLE_OBJC_ARC = YES;
				CLANG_WARN_CONSTANT_CONVERSION = YES;
				CLANG_WARN_ENUM_CONVERSION = YES;
				CLANG_WARN_INT_CONVERSION = YES;
				CLANG_WARN__DUPLICATE_METHOD_MATCH = YES;
				COPY_PHASE_STRIP = NO;
				ENABLE_BITCODE = NO;
				ENABLE_TESTABILITY = YES;
				EXECUTABLE_EXTENSION = dylib;
				GCC_OPTIMIZATION_LEVEL = 0;
				GCC_PRECOMPILE_PREFIX_HEADER = NO;
				GCC_PREFIX_HEADER = Sources/Prefix.pch;
				GCC_PREPROCESSOR_DEFINITIONS = (
					"DEBUG=1",
					"$(inherited)",
				);
				GCC_WARN_ABOUT_RETURN_TYPE = YES;
				GCC_WARN_UNINITIALIZED_AUTOS = YES;
				GCC_WARN_UNUSED_VARIABLE = YES;
				INIT_ROUTINE = _main;
				IPHONEOS_DEPLOYMENT_TARGET = 9.3;
				MACH_O_TYPE = mh_dylib;
				ONLY_ACTIVE_ARCH = YES;
				PRODUCT_NAME = HttPeek;
				SDKROOT = iphoneos;
			};
			name = Debug;
		};
		24CADA991510492B00B22162 /* Release */ = {
			isa = XCBuildConfiguration;
			buildSettings = {
				CLANG_CXX_LANGUAGE_STANDARD = "compiler-default";
				CLANG_CXX_LIBRARY = "compiler-default";
				CLANG_ENABLE_OBJC_ARC = YES;
				CLANG_WARN_CONSTANT_CONVERSION = YES;
				CLANG_WARN_ENUM_CONVERSION = YES;
				CLANG_WARN_INT_CONVERSION = YES;
				CLANG_WARN__DUPLICATE_METHOD_MATCH = YES;
				COPY_PHASE_STRIP = YES;
				ENABLE_BITCODE = NO;
				EXECUTABLE_EXTENSION = dylib;
				GCC_PRECOMPILE_PREFIX_HEADER = NO;
				GCC_PREFIX_HEADER = Sources/Prefix.pch;
				GCC_WARN_ABOUT_RETURN_TYPE = YES;
				GCC_WARN_UNINITIALIZED_AUTOS = YES;
				GCC_WARN_UNUSED_VARIABLE = YES;
				INIT_ROUTINE = _main;
				IPHONEOS_DEPLOYMENT_TARGET = 9.3;
				MACH_O_TYPE = mh_dylib;
				ONLY_ACTIVE_ARCH = YES;
				PRODUCT_NAME = HttPeek;
				SDKROOT = iphoneos;
				VALIDATE_PRODUCT = YES;
			};
			name = Release;
		};
		24CADA9B1510492B00B22162 /* Debug */ = {
			isa = XCBuildConfiguration;
			buildSettings = {
				"CODE_SIGN_IDENTITY[sdk=iphoneos*]" = "iPhone Developer";
				DEVELOPMENT_TEAM = 97Y98KA82X;
				PRODUCT_BUNDLE_IDENTIFIER = com.cele.httpeek;
			};
			name = Debug;
		};
		24CADA9C1510492B00B22162 /* Release */ = {
			isa = XCBuildConfiguration;
			buildSettings = {
				"CODE_SIGN_IDENTITY[sdk=iphoneos*]" = "iPhone Developer";
				DEVELOPMENT_TEAM = 97Y98KA82X;
				PRODUCT_BUNDLE_IDENTIFIER = com.cele.httpeek;
			};
			name = Release;
		};
/* End XCBuildConfiguration section */

/* Begin XCConfigurationList section */
		24CADA871510492B00B22162 /* Build configuration list for PBXProject "HttPeek" */ = {
			isa = XCConfigurationList;
			buildConfigurations = (
				24CADA981510492B00B22162 /* Debug */,
				24CADA991510492B00B22162 /* Release */,
			);
			defaultConfigurationIsVisible = 0;
			defaultConfigurationName = Release;
		};
		24CADA9A1510492B00B22162 /* Build configuration list for PBXNativeTarget "HttPeek" */ = {
			isa = XCConfigurationList;
			buildConfigurations = (
				24CADA9B1510492B00B22162 /* Debug */,
				24CADA9C1510492B00B22162 /* Release */,
			);
			defaultConfigurationIsVisible = 0;
			defaultConfigurationName = Release;
		};
/* End XCConfigurationList section */
	};
	rootObject = 24CADA841510492B00B22162 /* Project object */;
}
